
Microsoft Visual Studio Solution File, Format Version 12.00
# Visual Studio Version 16
VisualStudioVersion = 16.0.30804.86
MinimumVisualStudioVersion = 10.0.40219.1
Project("{9A19103F-16F7-4668-BE54-9A1E7A4F7556}") = "API", "API\API.csproj", "{2DA0823D-D602-4DB9-8A5F-5BFED05269CD}"
EndProject
Project("{9A19103F-16F7-4668-BE54-9A1E7A4F7556}") = "EngineeringUnitCore", "EngineeringUnitCore\EngineeringUnitCore.csproj", "{D151F831-81F1-4C7E-98A8-3F39169CEC95}"
EndProject
Project("{9A19103F-16F7-4668-BE54-9A1E7A4F7556}") = "DatabaseInitializer", "DatabaseInitializer\DatabaseInitializer.csproj", "{F8534EA4-1128-4ECB-9FB5-6970151DE29A}"
EndProject
Project("{9A19103F-16F7-4668-BE54-9A1E7A4F7556}") = "Contracts", "Contracts\Contracts.csproj", "{B0527A39-AC9E-4BEE-897A-5D43A420F369}"
EndProject
Project("{9A19103F-16F7-4668-BE54-9A1E7A4F7556}") = "Data", "Data\Data.csproj", "{733A7FD1-66D7-42A6-851B-7ECEFC526350}"
EndProject
Global
	GlobalSection(SolutionConfigurationPlatforms) = preSolution
		Debug|Any CPU = Debug|Any CPU
		Release|Any CPU = Release|Any CPU
	EndGlobalSection
	GlobalSection(ProjectConfigurationPlatforms) = postSolution
		{2DA0823D-D602-4DB9-8A5F-5BFED05269CD}.Debug|Any CPU.ActiveCfg = Debug|Any CPU
		{2DA0823D-D602-4DB9-8A5F-5BFED05269CD}.Debug|Any CPU.Build.0 = Debug|Any CPU
		{2DA0823D-D602-4DB9-8A5F-5BFED05269CD}.Release|Any CPU.ActiveCfg = Release|Any CPU
		{2DA0823D-D602-4DB9-8A5F-5BFED05269CD}.Release|Any CPU.Build.0 = Release|Any CPU
		{D151F831-81F1-4C7E-98A8-3F39169CEC95}.Debug|Any CPU.ActiveCfg = Debug|Any CPU
		{D151F831-81F1-4C7E-98A8-3F39169CEC95}.Debug|Any CPU.Build.0 = Debug|Any CPU
		{D151F831-81F1-4C7E-98A8-3F39169CEC95}.Release|Any CPU.ActiveCfg = Release|Any CPU
		{D151F831-81F1-4C7E-98A8-3F39169CEC95}.Release|Any CPU.Build.0 = Release|Any CPU
		{F8534EA4-1128-4ECB-9FB5-6970151DE29A}.Debug|Any CPU.ActiveCfg = Debug|Any CPU
		{F8534EA4-1128-4ECB-9FB5-6970151DE29A}.Debug|Any CPU.Build.0 = Debug|Any CPU
		{F8534EA4-1128-4ECB-9FB5-6970151DE29A}.Release|Any CPU.ActiveCfg = Release|Any CPU
		{F8534EA4-1128-4ECB-9FB5-6970151DE29A}.Release|Any CPU.Build.0 = Release|Any CPU
		{B0527A39-AC9E-4BEE-897A-5D43A420F369}.Debug|Any CPU.ActiveCfg = Debug|Any CPU
		{B0527A39-AC9E-4BEE-897A-5D43A420F369}.Debug|Any CPU.Build.0 = Debug|Any CPU
		{B0527A39-AC9E-4BEE-897A-5D43A420F369}.Release|Any CPU.ActiveCfg = Release|Any CPU
		{B0527A39-AC9E-4BEE-897A-5D43A420F369}.Release|Any CPU.Build.0 = Release|Any CPU
		{733A7FD1-66D7-42A6-851B-7ECEFC526350}.Debug|Any CPU.ActiveCfg = Debug|Any CPU
		{733A7FD1-66D7-42A6-851B-7ECEFC526350}.Debug|Any CPU.Build.0 = Debug|Any CPU
		{733A7FD1-66D7-42A6-851B-7ECEFC526350}.Release|Any CPU.ActiveCfg = Release|Any CPU
		{733A7FD1-66D7-42A6-851B-7ECEFC526350}.Release|Any CPU.Build.0 = Release|Any CPU
	EndGlobalSection
	GlobalSection(SolutionProperties) = preSolution
		HideSolutionNode = FALSE
	EndGlobalSection
	GlobalSection(ExtensibilityGlobals) = postSolution
		SolutionGuid = {3FCBE5FB-009A-4F05-B87B-901CA36A15CE}
	EndGlobalSection
EndGlobal
