
Microsoft Visual Studio Solution File, Format Version 12.00
Project("{FAE04EC0-301F-11D3-BF4B-00C04F79EFBC}") = "ConversionAPI", "ConversionAPI\ConversionAPI.csproj", "{2DA0823D-D602-4DB9-8A5F-5BFED05269CD}"
EndProject
Project("{FAE04EC0-301F-11D3-BF4B-00C04F79EFBC}") = "UnitOfMeasureLibrary", "UnitOfMeasureLibrary\UnitOfMeasureLibrary.csproj", "{EA12325C-187F-4927-8550-2B5CE5FFC354}"
EndProject
Global
	GlobalSection(SolutionConfigurationPlatforms) = preSolution
		Debug|Any CPU = Debug|Any CPU
		Release|Any CPU = Release|Any CPU
	EndGlobalSection
	GlobalSection(ProjectConfigurationPlatforms) = postSolution
		{2DA0823D-D602-4DB9-8A5F-5BFED05269CD}.Debug|Any CPU.ActiveCfg = Debug|Any CPU
		{2DA0823D-D602-4DB9-8A5F-5BFED05269CD}.Debug|Any CPU.Build.0 = Debug|Any CPU
		{2DA0823D-D602-4DB9-8A5F-5BFED05269CD}.Release|Any CPU.ActiveCfg = Release|Any CPU
		{2DA0823D-D602-4DB9-8A5F-5BFED05269CD}.Release|Any CPU.Build.0 = Release|Any CPU
		{EA12325C-187F-4927-8550-2B5CE5FFC354}.Debug|Any CPU.ActiveCfg = Debug|Any CPU
		{EA12325C-187F-4927-8550-2B5CE5FFC354}.Debug|Any CPU.Build.0 = Debug|Any CPU
		{EA12325C-187F-4927-8550-2B5CE5FFC354}.Release|Any CPU.ActiveCfg = Release|Any CPU
		{EA12325C-187F-4927-8550-2B5CE5FFC354}.Release|Any CPU.Build.0 = Release|Any CPU
	EndGlobalSection
EndGlobal
